[[package]]
category = "dev"
description = "A few extensions to pyyaml."
name = "aspy.yaml"
optional = false
python-versions = ">=2.7, !=3.0.*, !=3.1.*, !=3.2.*, !=3.3.*"
version = "1.3.0"

[package.dependencies]
pyyaml = "*"

[[package]]
category = "dev"
description = "Atomic file writes."
name = "atomicwrites"
optional = false
python-versions = ">=2.7, !=3.0.*, !=3.1.*, !=3.2.*, !=3.3.*"
version = "1.3.0"

[[package]]
category = "dev"
description = "Classes Without Boilerplate"
name = "attrs"
optional = false
python-versions = ">=2.7, !=3.0.*, !=3.1.*, !=3.2.*, !=3.3.*"
version = "19.1.0"

[[package]]
category = "dev"
description = "Validate configuration and produce human readable error messages."
name = "cfgv"
optional = false
python-versions = ">=2.7, !=3.0.*, !=3.1.*, !=3.2.*, !=3.3.*"
version = "2.0.1"

[package.dependencies]
six = "*"

[[package]]
category = "dev"
description = "Cross-platform colored terminal text."
marker = "sys_platform == \"win32\""
name = "colorama"
optional = false
python-versions = ">=2.7, !=3.0.*, !=3.1.*, !=3.2.*, !=3.3.*"
version = "0.4.1"

[[package]]
category = "dev"
description = "File identification library for Python"
name = "identify"
optional = false
python-versions = ">=2.7, !=3.0.*, !=3.1.*, !=3.2.*, !=3.3.*"
version = "1.4.7"

[[package]]
category = "dev"
description = "Read metadata from Python packages"
name = "importlib-metadata"
optional = false
python-versions = ">=2.7,!=3.0,!=3.1,!=3.2,!=3.3"
version = "0.21"

[package.dependencies]
zipp = ">=0.5"

[[package]]
category = "dev"
description = "Lightweight pipelining: using Python functions as pipeline jobs."
name = "joblib"
optional = false
python-versions = "*"
version = "0.13.2"

[[package]]
category = "main"
description = "Rolling backport of unittest.mock for all Pythons"
name = "mock"
optional = false
python-versions = ">=2.7, !=3.0.*, !=3.1.*, !=3.2.*, !=3.3.*"
version = "3.0.5"

[package.dependencies]
six = "*"

[[package]]
category = "dev"
description = "More routines for operating on iterables, beyond itertools"
name = "more-itertools"
optional = false
python-versions = ">=3.4"
version = "7.2.0"

[[package]]
category = "dev"
description = "Node.js virtual environment builder"
name = "nodeenv"
optional = false
python-versions = "*"
version = "1.3.3"

[[package]]
category = "main"
description = "Fast numerical expression evaluator for NumPy"
name = "numexpr"
optional = false
python-versions = "*"
version = "2.7.0"

[package.dependencies]
numpy = ">=1.7"

[[package]]
category = "main"
description = "NumPy is the fundamental package for array computing with Python."
name = "numpy"
optional = false
python-versions = ">=3.5"
version = "1.17.2"

[[package]]
category = "dev"
description = "Core utilities for Python packages"
name = "packaging"
optional = false
python-versions = ">=2.7, !=3.0.*, !=3.1.*, !=3.2.*, !=3.3.*"
version = "19.1"

[package.dependencies]
attrs = "*"
pyparsing = ">=2.0.2"
six = "*"

[[package]]
category = "dev"
description = "plugin and hook calling mechanisms for python"
name = "pluggy"
optional = false
python-versions = ">=2.7, !=3.0.*, !=3.1.*, !=3.2.*, !=3.3.*"
version = "0.12.0"

[package.dependencies]
importlib-metadata = ">=0.12"

[[package]]
category = "dev"
description = "A framework for managing and maintaining multi-language pre-commit hooks."
name = "pre-commit"
optional = false
python-versions = ">=2.7, !=3.0.*, !=3.1.*, !=3.2.*, !=3.3.*"
version = "1.18.3"

[package.dependencies]
"aspy.yaml" = "*"
cfgv = ">=2.0.0"
identify = ">=1.0.0"
importlib-metadata = "*"
nodeenv = ">=0.11.1"
pyyaml = "*"
six = "*"
toml = "*"
virtualenv = ">=15.2"

[[package]]
category = "dev"
description = "library with cross-python path, ini-parsing, io, code, log facilities"
name = "py"
optional = false
python-versions = ">=2.7, !=3.0.*, !=3.1.*, !=3.2.*, !=3.3.*"
version = "1.8.0"

[[package]]
category = "dev"
description = "Python parsing module"
name = "pyparsing"
optional = false
python-versions = ">=2.6, !=3.0.*, !=3.1.*, !=3.2.*"
version = "2.4.2"

[[package]]
category = "dev"
description = "Python bindings for the Qt cross platform UI and application toolkit"
name = "pyqt5"
optional = false
python-versions = "*"
version = "5.13.0"

[package.dependencies]
PyQt5_sip = ">=4.19.14,<13"

[[package]]
category = "dev"
description = "Python extension module support for PyQt5"
name = "pyqt5-sip"
optional = false
python-versions = "*"
version = "4.19.18"

[[package]]
category = "dev"
description = "pytest: simple powerful testing with Python"
name = "pytest"
optional = false
python-versions = ">=3.5"
version = "5.1.2"

[package.dependencies]
atomicwrites = ">=1.0"
attrs = ">=17.4.0"
colorama = "*"
more-itertools = ">=4.0.0"
packaging = "*"
pluggy = ">=0.12,<1.0"
py = ">=1.5.0"
wcwidth = "*"

[package.dependencies.importlib-metadata]
python = "<3.8"
version = ">=0.12"

[[package]]
category = "dev"
description = "YAML parser and emitter for Python"
name = "pyyaml"
optional = false
python-versions = ">=2.7, !=3.0.*, !=3.1.*, !=3.2.*, !=3.3.*"
version = "5.1.2"

[[package]]
category = "dev"
description = "Provides an abstraction layer on top of the various Qt bindings (PyQt5, PyQt4 and PySide) and additional custom QWidgets."
name = "qtpy"
optional = false
python-versions = "*"
version = "1.9.0"

[[package]]
category = "dev"
description = "A set of python modules for machine learning and data mining"
name = "scikit-learn"
optional = false
python-versions = ">=3.5"
version = "0.21.3"

[package.dependencies]
joblib = ">=0.11"
numpy = ">=1.11.0"
scipy = ">=0.17.0"

[[package]]
category = "dev"
description = "SciPy: Scientific Library for Python"
name = "scipy"
optional = false
python-versions = ">=3.5"
version = "1.3.1"

[package.dependencies]
numpy = ">=1.13.3"

[[package]]
category = "main"
description = "Python 2 and 3 compatibility utilities"
name = "six"
optional = false
python-versions = ">=2.6, !=3.0.*, !=3.1.*"
version = "1.12.0"

[[package]]
category = "main"
description = "Hierarchical datasets for Python"
name = "tables"
optional = false
python-versions = "*"
version = "3.5.2"

[package.dependencies]
mock = ">=2.0"
numexpr = ">=2.6.2"
numpy = ">=1.9.3"
six = ">=1.9.0"

[[package]]
category = "dev"
description = "Python Library for Tom's Obvious, Minimal Language"
name = "toml"
optional = false
python-versions = "*"
version = "0.10.0"

[[package]]
category = "dev"
description = "Virtual Python Environment builder"
name = "virtualenv"
optional = false
python-versions = ">=2.7, !=3.0.*, !=3.1.*, !=3.2.*, !=3.3.*"
version = "16.7.5"

[[package]]
category = "dev"
description = "A viewer for PyTables package"
name = "vitables"
optional = false
python-versions = "*"
version = "3.0.0"

[package.dependencies]
PyQt5 = ">=5.5.1"
numexpr = ">=2.0"
numpy = ">=1.4.1"
qtpy = ">=1.2.1"
tables = ">=3.0"

[[package]]
category = "dev"
description = "Measures number of Terminal column cells of wide-character codes"
name = "wcwidth"
optional = false
python-versions = "*"
version = "0.1.7"

[[package]]
category = "dev"
description = "Backport of pathlib-compatible object wrapper for zip files"
name = "zipp"
optional = false
python-versions = ">=2.7"
version = "0.6.0"

[package.dependencies]
more-itertools = "*"

[metadata]
content-hash = "d292e021bb6ce35ea8efbdbb57f5b935ccccc1902cbb275516fa565e0892eea9"
python-versions = "^3.7"

[metadata.hashes]
"aspy.yaml" = ["463372c043f70160a9ec950c3f1e4c3a82db5fca01d334b6bc89c7164d744bdc", "e7c742382eff2caed61f87a39d13f99109088e5e93f04d76eb8d4b28aa143f45"]
atomicwrites = ["03472c30eb2c5d1ba9227e4c2ca66ab8287fbfbbda3888aa93dc2e28fc6811b4", "75a9445bac02d8d058d5e1fe689654ba5a6556a1dfd8ce6ec55a0ed79866cfa6"]
attrs = ["69c0dbf2ed392de1cb5ec704444b08a5ef81680a61cb899dc08127123af36a79", "f0b870f674851ecbfbbbd364d6b5cbdff9dcedbc7f3f5e18a6891057f21fe399"]
cfgv = ["edb387943b665bf9c434f717bf630fa78aecd53d5900d2e05da6ad6048553144", "fbd93c9ab0a523bf7daec408f3be2ed99a980e20b2d19b50fc184ca6b820d289"]
colorama = ["05eed71e2e327246ad6b38c540c4a3117230b19679b875190486ddd2d721422d", "f8ac84de7840f5b9c4e3347b3c1eaa50f7e49c2b07596221daec5edaabbd7c48"]
identify = ["4f1fe9a59df4e80fcb0213086fcf502bc1765a01ea4fe8be48da3b65afd2a017", "d8919589bd2a5f99c66302fec0ef9027b12ae150b0b0213999ad3f695fc7296e"]
importlib-metadata = ["0c505102757e7fa28b9f0958d8bc81301159dea16e2649858c92edc158b78a83", "9a9f75ce32e78170905888acbf2376a81d3f21ecb3bb4867050413411d3ca7a9"]
joblib = ["21e0c34a69ad7fde4f2b1f3402290e9ec46f545f15f1541c582edfe05d87b63a", "315d6b19643ec4afd4c41c671f9f2d65ea9d787da093487a81ead7b0bac94524"]
mock = ["83657d894c90d5681d62155c82bda9c1187827525880eda8ff5df4ec813437c3", "d157e52d4e5b938c550f39eb2fd15610db062441a9c2747d3dbfa9298211d0f8"]
more-itertools = ["409cd48d4db7052af495b09dec721011634af3753ae1ef92d2b32f73a745f832", "92b8c4b06dac4f0611c0729b2f2ede52b2e1bac1ab48f089c7ddc12e26bb60c4"]
nodeenv = ["ad8259494cf1c9034539f6cced78a1da4840a4b157e23640bc4a0c0546b0cb7a"]
numexpr = ["08bdae334855b19c55137b5a3c0d1bb1b05f23f7e6df24e47dfc8d5b3de4e10a", "0a7c9bdac56ced9d8d8e8f7b2114d5c7bb0b78373f81e6be3a1d147455b5fb5c", "0fbae343da0b8246feb2347696669ab2110d6ef36806f2a94eecf98ce9b717d0", "16a92b61e6fc3fc351c36def2bce34d5fc1a519deb9320d1112fec443c0e0b04", "16bf19e001000860acf81ada3b9392b39d9986abf30c507537fa417c9ee7b7b8", "201056cdf4b769148097f90929b7b31f8e638212cfebc8524e6ad3220cdcaf1a", "37324b5981b8962102bdc8640c4f05f5589da5d1df2702418783085cb78ca217", "39e9a2feb85778f2085dd771f92853949120b135bca4ae195e4767bcf54ad379", "49f97366ed8e0e970ae7f96d569d4aee6372dfe61951cd08b142edada2c459d7", "4ed81428c9dd1cfb4e491ea61a2789d6e1c65262ca904a42577fc0bbee91520d", "5e1b771425e172b3d021c7304605e49a578bb7553ee00adda2f3ca12a7f0831c", "70344db42a1e0f185b636729f6e4ad16510abc8d23a42557e9480254ba9b1d1a", "78b38ae1cc7a521e1565d85e4c659a586040267615a9333b8b6922b206c67831", "8026b7e9b506f2257ddd9b8f2532a9a90682be6c63f20807c493290160e28b4e", "81e4bf39c466392b30d11ef80f88a656a6021ce6db3ca0c18d07c1bf75b0ab09", "85a743544be9eff5734060451da9da7eb5b49ec75e596020aad385b6af98f064", "8798b65e5d96fce2c595bdec43377b6154fe67e89ba04718402d66f03124f8cc", "9d2b645319a826f1901728761b3474f426d5b2ea208ff29bd4c44669b2802199", "aac593ee3b7fde6cd7aca956cd084a4ad5783326e563f05340427d934c7aca6f", "aff55bcfa9590f039c0ed454b3b757a65f43fb9a8af6d2bcac3dca6a6b8491b1", "b2ed14711790b8506d914c3e1e31a855d89316bc332ac3208632772edf73580d", "b6805fc38c743c81bdc8d9de7887f055f96205a79db97f613c061b375e64d299", "bacc2229201af53ea9c27e439b3507394c0bc6ab18cc776868be2c5150442644", "bae34759be74476cc7b8746b86eb19e7a5a8e3964df73f4096b539fcadd51f52", "cae704f0bcb6bbb22a0bdfd0e44c92b02f79e3396a7846f2f94b39cde1c1865c", "d1f91b98c4e525467b5c26759135bf30413c671a58dd729babc89d4b37619a72", "ec1329069312deed2161525be2492d13aee48df94cf406fd1d613e6250d9579e", "f9c5ca97e4cd84fe55579c3d764ddff08cefbb9318888d3be6d0455c5c2297bc"]
numpy = ["05dbfe72684cc14b92568de1bc1f41e5f62b00f714afc9adee42f6311738091f", "0d82cb7271a577529d07bbb05cb58675f2deb09772175fab96dc8de025d8ac05", "10132aa1fef99adc85a905d82e8497a580f83739837d7cbd234649f2e9b9dc58", "12322df2e21f033a60c80319c25011194cd2a21294cc66fee0908aeae2c27832", "16f19b3aa775dddc9814e02a46b8e6ae6a54ed8cf143962b4e53f0471dbd7b16", "3d0b0989dd2d066db006158de7220802899a1e5c8cf622abe2d0bd158fd01c2c", "438a3f0e7b681642898fd7993d38e2bf140a2d1eafaf3e89bb626db7f50db355", "5fd214f482ab53f2cea57414c5fb3e58895b17df6e6f5bca5be6a0bb6aea23bb", "73615d3edc84dd7c4aeb212fa3748fb83217e00d201875a47327f55363cef2df", "7bd355ad7496f4ce1d235e9814ec81ee3d28308d591c067ce92e49f745ba2c2f", "7d077f2976b8f3de08a0dcf5d72083f4af5411e8fddacd662aae27baa2601196", "a4092682778dc48093e8bda8d26ee8360153e2047826f95a3f5eae09f0ae3abf", "b458de8624c9f6034af492372eb2fee41a8e605f03f4732f43fc099e227858b2", "e70fc8ff03a961f13363c2c95ef8285e0cf6a720f8271836f852cc0fa64e97c8", "ee8e9d7cad5fe6dde50ede0d2e978d81eafeaa6233fb0b8719f60214cf226578", "f4a4f6aba148858a5a5d546a99280f71f5ee6ec8182a7d195af1a914195b21a2"]
packaging = ["a7ac867b97fdc07ee80a8058fe4435ccd274ecc3b0ed61d852d7d53055528cf9", "c491ca87294da7cc01902edbe30a5bc6c4c28172b5138ab4e4aa1b9d7bfaeafe"]
pluggy = ["0825a152ac059776623854c1543d65a4ad408eb3d33ee114dff91e57ec6ae6fc", "b9817417e95936bf75d85d3f8767f7df6cdde751fc40aed3bb3074cbcb77757c"]
pre-commit = ["1d3c0587bda7c4e537a46c27f2c84aa006acc18facf9970bf947df596ce91f3f", "fa78ff96e8e9ac94c748388597693f18b041a181c94a4f039ad20f45287ba44a"]
py = ["64f65755aee5b381cea27766a3a147c3f15b9b6b9ac88676de66ba2ae36793fa", "dc639b046a6e2cff5bbe40194ad65936d6ba360b52b3c3fe1d08a82dd50b5e53"]
pyparsing = ["6f98a7b9397e206d78cc01df10131398f1c8b8510a2f4d97d9abd82e1aacdd80", "d9338df12903bbf5d65a0e4e87c2161968b10d2e489652bb47001d82a9b028b4"]
pyqt5 = ["4d51a245d64fbd85c77ba3dee12b8fe018a440ccb49fd1cb0e4587c360655d3c", "70954a2d182c8634e3b5f9deeb4230f186b59ec1166f3142cb523b74876c0d98", "aa75b829cd977ca796262fcfe0dc8fc72f8413da4e5e2795e63897e1abfd2258", "afbee0925439124b5c52dacaf9a6d8d4e160e36b636a6f9023832a696e15e3e9"]
pyqt5-sip = ["0a6c272ad2b6556a804a66bf808240ae0db88ab26f5ce37231da8c1d3e6910a6", "2a056b47bcfcdd7cd5722063d4ccffe2876f0f4c545c9e980d21573b193c6d11", "31a7a2c1d77969c14aca7c4928991ae8dba6ce468f7a48300f12b769ea62b5a5", "65dac636d2f2e3cce804e99ecd318d832daee5a45599105e7721a3e96012386c", "7dd4d0bae586ab929e0e4f0d07008cb3b4449af48f7a4e73db4d66b806316778", "889f2d71e7e94e370be726048a4632226846715c8b3cb0525572f857d408f7cf", "8d4e039a2a81d81482a09abf856608bb06723979d78c4308f33cb0cc39d186ad", "a5bea998292a644525a34e1ec104090e4618f7b92f35d92310db39f8051f9ad0", "abf80e8b3dc01e6d5b55e40531cecd59b835659bbf83ad866b36d8d539bbb0a5", "b9d0b9ba90d74731ff3a540772f3dc97a343f0a99c1afb4680c1378fce4cef56", "c386e756fde44758d12f96d066d93f0ff8eedff1133cda25b192480b8f18b675", "c6ae3a2f5f2bceeb81c97427c14329f2da1d54ccfedccbd6923d95183cd68637", "d9cd23b181213522dc2d5042697cd3d614ce69ec742b0a8a3bc023fefa6f2339", "da51cc22b8b32c5e6024c902393cd8fd0208fc1aec1ce5478357481cd9561bfb", "ea3cbf1f591063608fee2de015fef1135bb72f0114922d639c2602ce10090002", "f128fe3f1fec3cb497bf403b45efe1db3b0b27509efcf4cb6d8e1e915e9227ee"]
pytest = ["95d13143cc14174ca1a01ec68e84d76ba5d9d493ac02716fd9706c949a505210", "b78fe2881323bd44fd9bd76e5317173d4316577e7b1cddebae9136a4495ec865"]
pyyaml = ["0113bc0ec2ad727182326b61326afa3d1d8280ae1122493553fd6f4397f33df9", "01adf0b6c6f61bd11af6e10ca52b7d4057dd0be0343eb9283c878cf3af56aee4", "5124373960b0b3f4aa7df1707e63e9f109b5263eca5976c66e08b1c552d4eaf8", "5ca4f10adbddae56d824b2c09668e91219bb178a1eee1faa56af6f99f11bf696", "7907be34ffa3c5a32b60b95f4d95ea25361c951383a894fec31be7252b2b6f34", "7ec9b2a4ed5cad025c2278a1e6a19c011c80a3caaac804fd2d329e9cc2c287c9", "87ae4c829bb25b9fe99cf71fbb2140c448f534e24c998cc60f39ae4f94396a73", "9de9919becc9cc2ff03637872a440195ac4241c80536632fffeb6a1e25a74299", "a5a85b10e450c66b49f98846937e8cfca1db3127a9d5d1e31ca45c3d0bef4c5b", "b0997827b4f6a7c286c01c5f60384d218dca4ed7d9efa945c3e1aa623d5709ae", "b631ef96d3222e62861443cc89d6563ba3eeb816eeb96b2629345ab795e53681", "bf47c0607522fdbca6c9e817a6e81b08491de50f3766a7a0e6a5be7905961b41", "f81025eddd0327c7d4cfe9b62cf33190e1e736cc6e97502b3ec425f574b3e7a8"]
qtpy = ["2db72c44b55d0fe1407be8fba35c838ad0d6d3bb81f23007886dc1fc0f459c8d", "fa0b8363b363e89b2a6f49eddc162a04c0699ae95e109a6be3bb145a913190ea"]
scikit-learn = ["1ac81293d261747c25ea5a0ee8cd2bb1f3b5ba9ec05421a7f9f0feb4eb7c4116", "289361cf003d90b007f5066b27fcddc2d71324c82f1c88e316fedacb0dfdd516", "3a14d0abd4281fc3fd2149c486c3ec7cedad848b8d5f7b6f61522029d65a29f8", "5083a5e50d9d54548e4ada829598ae63a05651dd2bb319f821ffd9e8388384a6", "777cdd5c077b7ca9cb381396c81990cf41d2fa8350760d3cad3b4c460a7db644", "8bf2ff63da820d09b96b18e88f9625228457bff8df4618f6b087e12442ef9e15", "8d319b71c449627d178f21c57614e21747e54bb3fc9602b6f42906c3931aa320", "928050b65781fea9542dfe9bfe02d8c4f5530baa8472ec60782ea77347d2c836", "92c903613ff50e22aa95d589f9fff5deb6f34e79f7f21f609680087f137bb524", "ae322235def5ce8fae645b439e332e6f25d34bb90d6a6c8e261f17eb476457b7", "c1cd6b29eb1fd1cc672ac5e4a8be5f6ea936d094a3dc659ada0746d6fac750b1", "c41a6e2685d06bcdb0d26533af2540f54884d40db7e48baed6a5bcbf1a7cc642", "d07fcb0c0acbc043faa0e7cf4d2037f71193de3fb04fb8ed5c259b089af1cf5c", "d146d5443cda0a41f74276e42faf8c7f283fef49e8a853b832885239ef544e05", "eb2b7bed0a26ba5ce3700e15938b28a4f4513578d3e54a2156c29df19ac5fd01", "eb9b8ebf59eddd8b96366428238ab27d05a19e89c5516ce294abc35cea75d003"]
scipy = ["0baa64bf42592032f6f6445a07144e355ca876b177f47ad8d0612901c9375bef", "243b04730d7223d2b844bda9500310eecc9eda0cba9ceaf0cde1839f8287dfa8", "2643cfb46d97b7797d1dbdb6f3c23fe3402904e3c90e6facfe6a9b98d808c1b5", "396eb4cdad421f846a1498299474f0a3752921229388f91f60dc3eda55a00488", "3ae3692616975d3c10aca6d574d6b4ff95568768d4525f76222fb60f142075b9", "435d19f80b4dcf67dc090cc04fde2c5c8a70b3372e64f6a9c58c5b806abfa5a8", "46a5e55850cfe02332998b3aef481d33f1efee1960fe6cfee0202c7dd6fc21ab", "75b513c462e58eeca82b22fc00f0d1875a37b12913eee9d979233349fce5c8b2", "7ccfa44a08226825126c4ef0027aa46a38c928a10f0a8a8483c80dd9f9a0ad44", "89dd6a6d329e3f693d1204d5562dd63af0fd7a17854ced17f9cbc37d5b853c8d", "a81da2fe32f4eab8b60d56ad43e44d93d392da228a77e229e59b51508a00299c", "a9d606d11eb2eec7ef893eb825017fbb6eef1e1d0b98a5b7fc11446ebeb2b9b1", "ac37eb652248e2d7cbbfd89619dce5ecfd27d657e714ed049d82f19b162e8d45", "cbc0611699e420774e945f6a4e2830f7ca2b3ee3483fca1aa659100049487dd5", "d02d813ec9958ed63b390ded463163685af6025cb2e9a226ec2c477df90c6957", "dd3b52e00f93fd1c86f2d78243dfb0d02743c94dd1d34ffea10055438e63b99d"]
six = ["3350809f0555b11f552448330d0b52d5f24c91a322ea4a15ef22629740f3761c", "d16a0141ec1a18405cd4ce8b4613101da75da0e9a7aec5bdd4fa804d0e0eba73"]
tables = ["018cc65a36578e3a8d05465a97d596e3a13707ed6970bacaf3ab0b91759f0e4d", "069cca4fc81fd464fe4654d13f4193cfb81a22de524abeaf7295f6400b30f381", "23065545e018d65dc209156805aa3e933c9872de6d63c623048524f54b16147f", "459596b4f73c12511e97c985ebe1f36a58fb13543a9cc22f4a0a326497221f1e", "4bd24a3dbf9272a7f886b1443f916ad25205fc8a1237a280d94ccd1bfa886fe1", "5972fd758b2e0f535e7b6ec07532dcd41a0a98421205a9dad54eca053b8a9535", "6100623e7fbc820ee5d1f7e82ac50a38062ab93e6e96d7a90c0fb70776d95847", "63c1a1059a42be4519db6e337f692b150f50d71d57f70614ffbe0551b19cdd05", "65d84305c5aa05c5c020d6afb39f07d7a01b1b7efaad1feb4c7f484df08371f2", "6d6a88b7c51ec04ed8d0bead5a31ff67246a4f28fa32d1efe066f385149fc3f5", "8fde91ab80e588a3fd71fe0476d7e77cd51f5bbab9163965f21f3d637bc2351f", "91d76df0b4931fa110839f594e8ccdc535d1c94a46ea0cab7af8b993b951e05a", "9ddd36f0b0fc7aa53d47e64d068578e7a857a93c6fb56ed6598285990c33eecf", "a2d3da09e5b0cb7e3a6cd3cb8c37353ea5c14025d8ae2a832cce405f9c2e987e", "b220e32262bab320aa41d33125a7851ff898be97c0de30b456247508e2cc33c2", "b82a793ae1918da828d5339958e994c21d46cae504847affcd40b8ec7c9543e0", "bc648f3d2384670f53f6bf11eb843761480605a27ade4ec655ea11aca5dd9db0", "bf42234f35d57b4c3c8014755dd95f32eec95e62438a88eeaaa85b9bf6b617e5", "cb60f23c3d9153fca46c73fa84c399f50fdd7521ecf7fa3fde166eacf910f122", "d62b8348b3c6a417051fa342e312c336026f57e26b2447647deb48919f2a8c54", "dd3e8682eb0db2858bd5aff8c62ac0de0ff15c0dd24328a9d85a5985d4224e7c", "ddb08ef4ecae14769029ab793778c805911d1a1fdcdce37cf5358f4573833e55", "e8698042f63530b1f1f1b2aa1deacdeac85fb01d35393a24aa64675aa5809f4e"]
toml = ["229f81c57791a41d65e399fc06bf0848bab550a9dfd5ed66df18ce5f05e73d5c", "235682dd292d5899d361a811df37e04a8828a5b1da3115886b73cf81ebc9100e", "f1db651f9657708513243e61e6cc67d101a39bad662eaa9b5546f789338e07a3"]
virtualenv = ["680af46846662bb38c5504b78bad9ed9e4f3ba2d54f54ba42494fdf94337fe30", "f78d81b62d3147396ac33fc9d77579ddc42cc2a98dd9ea38886f616b33bc7fb2"]
vitables = ["38d8f239d17a4d46018ea4dc2536e7d5331e75767baac158d83d06c1e8c37867", "c640ba23278b0c4ae271160c13427a4922df53753cad510ead88fc6e27b71a9d"]
wcwidth = ["3df37372226d6e63e1b1e1eda15c594bca98a22d33a23832a90998faa96bc65e", "f4ebe71925af7b40a864553f761ed559b43544f8f71746c2d756c7fe788ade7c"]
zipp = ["3718b1cbcd963c7d4c5511a8240812904164b7f381b647143a89d3b98f9bcd8e", "f06903e9f1f43b12d371004b4ac7b06ab39a44adc747266928ae6debfa7b3335"]
